Microsoft Visual Studio Solution File, Format Version 12.00
# Visual Studio Version 17
VisualStudioVersion = 17.2.32519.379
MinimumVisualStudioVersion = 10.0.40219.1
Project("{FAE04EC0-301F-11D3-BF4B-00C04F79EFBC}") = "StoneWorld", "StoneWorld.csproj", "{57AD7845-C7EF-4E41-8F76-A56155916142}"
EndProject
Project("{2150E333-8FDC-42A3-9474-1A3956D46DE8}") = "Solution Items", "Solution Items", "{F7ABE823-CA09-4F9C-A102-553DE7D84847}"
	ProjectSection(SolutionItems) = preProject
		.editorconfig = .editorconfig
	EndProjectSection
EndProject
Global
	GlobalSection(SolutionConfigurationPlatforms) = preSolution
		Debug|Any CPU = Debug|Any CPU
		Release|Any CPU = Release|Any CPU
	EndGlobalSection
	GlobalSection(ProjectConfigurationPlatforms) = postSolution
		{57AD7845-C7EF-4E41-8F76-A56155916142}.Debug|Any CPU.ActiveCfg = Debug|Any CPU
		{57AD7845-C7EF-4E41-8F76-A56155916142}.Debug|Any CPU.Build.0 = Debug|Any CPU
		{57AD7845-C7EF-4E41-8F76-A56155916142}.Release|Any CPU.ActiveCfg = Release|Any CPU
		{57AD7845-C7EF-4E41-8F76-A56155916142}.Release|Any CPU.Build.0 = Release|Any CPU
	EndGlobalSection
	GlobalSection(SolutionProperties) = preSolution
		HideSolutionNode = FALSE
	EndGlobalSection
	GlobalSection(NestedProjects) = preSolution
		{57AD7845-C7EF-4E41-8F76-A56155916142} = {F7ABE823-CA09-4F9C-A102-553DE7D84847}
	EndGlobalSection
	GlobalSection(ExtensibilityGlobals) = postSolution
		SolutionGuid = {31005EA7-3F04-446F-80B2-016137708540}
	EndGlobalSection
EndGlobal
